
Microsoft Visual Studio Solution File, Format Version 12.00
# Visual Studio 2013
VisualStudioVersion = 12.0.31101.0
MinimumVisualStudioVersion = 10.0.40219.1
Project("{FAE04EC0-301F-11D3-BF4B-00C04F79EFBC}") = "FeduciaTestTask", "FeduciaTestTask\FeduciaTestTask\FeduciaTestTask.csproj", "{EADA1491-1ECD-44D1-9AEF-7544865F6DAD}"
EndProject
Project("{FAE04EC0-301F-11D3-BF4B-00C04F79EFBC}") = "FeduciaTestTask.Droid", "FeduciaTestTask\FeduciaTestTask.Droid\FeduciaTestTask.Droid.csproj", "{C8C08A5F-D582-4603-A33D-1C04D712D163}"
EndProject
Project("{FAE04EC0-301F-11D3-BF4B-00C04F79EFBC}") = "FeduciaTestTask.WinPhone", "FeduciaTestTask\FeduciaTestTask.WinPhone\FeduciaTestTask.WinPhone.csproj", "{9464BCD5-222B-4F98-9FBB-809193981823}"
EndProject
Project("{2150E333-8FDC-42A3-9474-1A3956D46DE8}") = "Common", "Common", "{F4AD20E0-B09D-4009-A03B-8F8AC293429B}"
EndProject
Project("{2150E333-8FDC-42A3-9474-1A3956D46DE8}") = "Data", "Data", "{6690537D-60C2-448A-9CB2-858DD0EC0680}"
EndProject
Project("{2150E333-8FDC-42A3-9474-1A3956D46DE8}") = "Services", "Services", "{2DC21D59-0BF6-4688-9254-FB4E8BD1561B}"
EndProject
Project("{2150E333-8FDC-42A3-9474-1A3956D46DE8}") = "UI", "UI", "{6AC8FB17-B176-4C5F-88D0-E559ED53843E}"
EndProject
Project("{2150E333-8FDC-42A3-9474-1A3956D46DE8}") = "Common", "Common", "{3E6FFDBB-C259-457E-974D-8E8306CFFA98}"
EndProject
Project("{2150E333-8FDC-42A3-9474-1A3956D46DE8}") = "Data", "Data", "{7A8FD5B0-FFC2-4A66-9EDF-B3E0E8C591FA}"
EndProject
Project("{2150E333-8FDC-42A3-9474-1A3956D46DE8}") = "Services", "Services", "{1AFDD1F2-7F44-40B2-91F9-8DCF53428808}"
EndProject
Project("{2150E333-8FDC-42A3-9474-1A3956D46DE8}") = "Platform", "Platform", "{BB744DCA-068F-49AC-B40A-404220DDD74F}"
EndProject
Project("{2150E333-8FDC-42A3-9474-1A3956D46DE8}") = "Droid", "Droid", "{567E312E-5CFF-494A-A58C-6B5AD1F011E9}"
EndProject
Project("{2150E333-8FDC-42A3-9474-1A3956D46DE8}") = "WinPhone80", "WinPhone80", "{F79DE8AE-E7F3-4651-A33D-F4FF89F49EFE}"
EndProject
Project("{2150E333-8FDC-42A3-9474-1A3956D46DE8}") = "WinRT", "WinRT", "{47FF53F4-AA45-492E-B378-1EE974F20878}"
EndProject
Project("{FAE04EC0-301F-11D3-BF4B-00C04F79EFBC}") = "FeduciaTestTask.WinRT.Tablet", "FeduciaTestTask\UI\Platform\WinRT\FeduciaTestTask.WinRT.Tablet\FeduciaTestTask.WinRT.Tablet.csproj", "{0EC445E8-AFCD-4C98-B698-F5B512CE4356}"
EndProject
Project("{2150E333-8FDC-42A3-9474-1A3956D46DE8}") = "Libraries", "Libraries", "{F402F962-2FDA-4AC0-87B6-DEF4DE8A8269}"
EndProject
Project("{FAE04EC0-301F-11D3-BF4B-00C04F79EFBC}") = "Library", "FeduciaTestTask\Common\Library\Library.csproj", "{645A99FC-DC8B-4A34-9B0E-27C2FD719218}"
EndProject
Project("{FAE04EC0-301F-11D3-BF4B-00C04F79EFBC}") = "FeduciaTestTask.UI.Common", "FeduciaTestTask\UI\Common\FeduciaTestTask.UI.Common\FeduciaTestTask.UI.Common.csproj", "{67F9D3A8-F71E-4428-913F-C37AE82CDB24}"
EndProject
Project("{FAE04EC0-301F-11D3-BF4B-00C04F79EFBC}") = "FeduciaTestTask.UI.Common.Views", "FeduciaTestTask\UI\Common\FeduciaTestTask.UI.Common.Views\FeduciaTestTask.UI.Common.Views.csproj", "{C93CA591-DA84-44AB-B83F-B7B1764EA6E2}"
EndProject
Project("{FAE04EC0-301F-11D3-BF4B-00C04F79EFBC}") = "FeduciaTestTask.UI.Common.VVms", "FeduciaTestTask\UI\Common\FeduciaTestTask.UI.Common.VVms\FeduciaTestTask.UI.Common.VVms.csproj", "{C6368610-6C9B-4D9E-93E5-8248532FD3CC}"
EndProject
Project("{FAE04EC0-301F-11D3-BF4B-00C04F79EFBC}") = "FeduciaTestTask.Services", "FeduciaTestTask\Services\FeduciaTestTask.Services\FeduciaTestTask.Services.csproj", "{6FFC27ED-0623-4490-9784-7A0053C346B7}"
EndProject
Project("{FAE04EC0-301F-11D3-BF4B-00C04F79EFBC}") = "FeduciaTestTask.UI.Services", "FeduciaTestTask\UI\Services\FeduciaTestTask.UI.Services\FeduciaTestTask.UI.Services.csproj", "{990AC4D4-1B04-4B69-8311-B7A2B1AAF363}"
EndProject
Project("{FAE04EC0-301F-11D3-BF4B-00C04F79EFBC}") = "FeduciaTestTask.FeduciaTestTask.Data", "FeduciaTestTask\Data\FeduciaTestTask.FeduciaTestTask.Data\FeduciaTestTask.FeduciaTestTask.Data.csproj", "{DA51A511-1612-485F-A5EC-80558B0545F8}"
EndProject
Project("{FAE04EC0-301F-11D3-BF4B-00C04F79EFBC}") = "FeduciaTestTask.UI.Data", "FeduciaTestTask\UI\Data\FeduciaTestTask.UI.Data\FeduciaTestTask.UI.Data.csproj", "{934DB2BF-B9C0-4846-834E-8D0FAA86F681}"
EndProject
Global
	GlobalSection(SolutionConfigurationPlatforms) = preSolution
		Debug|Any CPU = Debug|Any CPU
		Debug|ARM = Debug|ARM
		Debug|x64 = Debug|x64
		Debug|x86 = Debug|x86
		Release|Any CPU = Release|Any CPU
		Release|ARM = Release|ARM
		Release|x64 = Release|x64
		Release|x86 = Release|x86
	EndGlobalSection
	GlobalSection(ProjectConfigurationPlatforms) = postSolution
		{EADA1491-1ECD-44D1-9AEF-7544865F6DAD}.Debug|Any CPU.ActiveCfg = Debug|Any CPU
		{EADA1491-1ECD-44D1-9AEF-7544865F6DAD}.Debug|Any CPU.Build.0 = Debug|Any CPU
		{EADA1491-1ECD-44D1-9AEF-7544865F6DAD}.Debug|ARM.ActiveCfg = Debug|Any CPU
		{EADA1491-1ECD-44D1-9AEF-7544865F6DAD}.Debug|x64.ActiveCfg = Debug|Any CPU
		{EADA1491-1ECD-44D1-9AEF-7544865F6DAD}.Debug|x86.ActiveCfg = Debug|Any CPU
		{EADA1491-1ECD-44D1-9AEF-7544865F6DAD}.Release|Any CPU.ActiveCfg = Release|Any CPU
		{EADA1491-1ECD-44D1-9AEF-7544865F6DAD}.Release|Any CPU.Build.0 = Release|Any CPU
		{EADA1491-1ECD-44D1-9AEF-7544865F6DAD}.Release|ARM.ActiveCfg = Release|Any CPU
		{EADA1491-1ECD-44D1-9AEF-7544865F6DAD}.Release|x64.ActiveCfg = Release|Any CPU
		{EADA1491-1ECD-44D1-9AEF-7544865F6DAD}.Release|x86.ActiveCfg = Release|Any CPU
		{C8C08A5F-D582-4603-A33D-1C04D712D163}.Debug|Any CPU.ActiveCfg = Debug|Any CPU
		{C8C08A5F-D582-4603-A33D-1C04D712D163}.Debug|Any CPU.Build.0 = Debug|Any CPU
		{C8C08A5F-D582-4603-A33D-1C04D712D163}.Debug|Any CPU.Deploy.0 = Debug|Any CPU
		{C8C08A5F-D582-4603-A33D-1C04D712D163}.Debug|ARM.ActiveCfg = Debug|Any CPU
		{C8C08A5F-D582-4603-A33D-1C04D712D163}.Debug|x64.ActiveCfg = Debug|Any CPU
		{C8C08A5F-D582-4603-A33D-1C04D712D163}.Debug|x86.ActiveCfg = Debug|Any CPU
		{C8C08A5F-D582-4603-A33D-1C04D712D163}.Release|Any CPU.ActiveCfg = Release|Any CPU
		{C8C08A5F-D582-4603-A33D-1C04D712D163}.Release|Any CPU.Build.0 = Release|Any CPU
		{C8C08A5F-D582-4603-A33D-1C04D712D163}.Release|Any CPU.Deploy.0 = Release|Any CPU
		{C8C08A5F-D582-4603-A33D-1C04D712D163}.Release|ARM.ActiveCfg = Release|Any CPU
		{C8C08A5F-D582-4603-A33D-1C04D712D163}.Release|x64.ActiveCfg = Release|Any CPU
		{C8C08A5F-D582-4603-A33D-1C04D712D163}.Release|x86.ActiveCfg = Release|Any CPU
		{9464BCD5-222B-4F98-9FBB-809193981823}.Debug|Any CPU.ActiveCfg = Debug|Any CPU
		{9464BCD5-222B-4F98-9FBB-809193981823}.Debug|Any CPU.Build.0 = Debug|Any CPU
		{9464BCD5-222B-4F98-9FBB-809193981823}.Debug|Any CPU.Deploy.0 = Debug|Any CPU
		{9464BCD5-222B-4F98-9FBB-809193981823}.Debug|ARM.ActiveCfg = Debug|ARM
		{9464BCD5-222B-4F98-9FBB-809193981823}.Debug|ARM.Build.0 = Debug|ARM
		{9464BCD5-222B-4F98-9FBB-809193981823}.Debug|ARM.Deploy.0 = Debug|ARM
		{9464BCD5-222B-4F98-9FBB-809193981823}.Debug|x64.ActiveCfg = Debug|Any CPU
		{9464BCD5-222B-4F98-9FBB-809193981823}.Debug|x86.ActiveCfg = Debug|x86
		{9464BCD5-222B-4F98-9FBB-809193981823}.Debug|x86.Build.0 = Debug|x86
		{9464BCD5-222B-4F98-9FBB-809193981823}.Debug|x86.Deploy.0 = Debug|x86
		{9464BCD5-222B-4F98-9FBB-809193981823}.Release|Any CPU.ActiveCfg = Release|Any CPU
		{9464BCD5-222B-4F98-9FBB-809193981823}.Release|Any CPU.Build.0 = Release|Any CPU
		{9464BCD5-222B-4F98-9FBB-809193981823}.Release|Any CPU.Deploy.0 = Release|Any CPU
		{9464BCD5-222B-4F98-9FBB-809193981823}.Release|ARM.ActiveCfg = Release|ARM
		{9464BCD5-222B-4F98-9FBB-809193981823}.Release|ARM.Build.0 = Release|ARM
		{9464BCD5-222B-4F98-9FBB-809193981823}.Release|ARM.Deploy.0 = Release|ARM
		{9464BCD5-222B-4F98-9FBB-809193981823}.Release|x64.ActiveCfg = Release|Any CPU
		{9464BCD5-222B-4F98-9FBB-809193981823}.Release|x86.ActiveCfg = Release|x86
		{9464BCD5-222B-4F98-9FBB-809193981823}.Release|x86.Build.0 = Release|x86
		{9464BCD5-222B-4F98-9FBB-809193981823}.Release|x86.Deploy.0 = Release|x86
		{0EC445E8-AFCD-4C98-B698-F5B512CE4356}.Debug|Any CPU.ActiveCfg = Debug|Any CPU
		{0EC445E8-AFCD-4C98-B698-F5B512CE4356}.Debug|Any CPU.Build.0 = Debug|Any CPU
		{0EC445E8-AFCD-4C98-B698-F5B512CE4356}.Debug|Any CPU.Deploy.0 = Debug|Any CPU
		{0EC445E8-AFCD-4C98-B698-F5B512CE4356}.Debug|ARM.ActiveCfg = Debug|ARM
		{0EC445E8-AFCD-4C98-B698-F5B512CE4356}.Debug|ARM.Build.0 = Debug|ARM
		{0EC445E8-AFCD-4C98-B698-F5B512CE4356}.Debug|ARM.Deploy.0 = Debug|ARM
		{0EC445E8-AFCD-4C98-B698-F5B512CE4356}.Debug|x64.ActiveCfg = Debug|x64
		{0EC445E8-AFCD-4C98-B698-F5B512CE4356}.Debug|x64.Build.0 = Debug|x64
		{0EC445E8-AFCD-4C98-B698-F5B512CE4356}.Debug|x64.Deploy.0 = Debug|x64
		{0EC445E8-AFCD-4C98-B698-F5B512CE4356}.Debug|x86.ActiveCfg = Debug|x86
		{0EC445E8-AFCD-4C98-B698-F5B512CE4356}.Debug|x86.Build.0 = Debug|x86
		{0EC445E8-AFCD-4C98-B698-F5B512CE4356}.Debug|x86.Deploy.0 = Debug|x86
		{0EC445E8-AFCD-4C98-B698-F5B512CE4356}.Release|Any CPU.ActiveCfg = Release|Any CPU
		{0EC445E8-AFCD-4C98-B698-F5B512CE4356}.Release|Any CPU.Build.0 = Release|Any CPU
		{0EC445E8-AFCD-4C98-B698-F5B512CE4356}.Release|Any CPU.Deploy.0 = Release|Any CPU
		{0EC445E8-AFCD-4C98-B698-F5B512CE4356}.Release|ARM.ActiveCfg = Release|ARM
		{0EC445E8-AFCD-4C98-B698-F5B512CE4356}.Release|ARM.Build.0 = Release|ARM
		{0EC445E8-AFCD-4C98-B698-F5B512CE4356}.Release|ARM.Deploy.0 = Release|ARM
		{0EC445E8-AFCD-4C98-B698-F5B512CE4356}.Release|x64.ActiveCfg = Release|x64
		{0EC445E8-AFCD-4C98-B698-F5B512CE4356}.Release|x64.Build.0 = Release|x64
		{0EC445E8-AFCD-4C98-B698-F5B512CE4356}.Release|x64.Deploy.0 = Release|x64
		{0EC445E8-AFCD-4C98-B698-F5B512CE4356}.Release|x86.ActiveCfg = Release|x86
		{0EC445E8-AFCD-4C98-B698-F5B512CE4356}.Release|x86.Build.0 = Release|x86
		{0EC445E8-AFCD-4C98-B698-F5B512CE4356}.Release|x86.Deploy.0 = Release|x86
		{645A99FC-DC8B-4A34-9B0E-27C2FD719218}.Debug|Any CPU.ActiveCfg = Debug|Any CPU
		{645A99FC-DC8B-4A34-9B0E-27C2FD719218}.Debug|Any CPU.Build.0 = Debug|Any CPU
		{645A99FC-DC8B-4A34-9B0E-27C2FD719218}.Debug|ARM.ActiveCfg = Debug|ARM
		{645A99FC-DC8B-4A34-9B0E-27C2FD719218}.Debug|ARM.Build.0 = Debug|ARM
		{645A99FC-DC8B-4A34-9B0E-27C2FD719218}.Debug|x64.ActiveCfg = Debug|Any CPU
		{645A99FC-DC8B-4A34-9B0E-27C2FD719218}.Debug|x86.ActiveCfg = Debug|x86
		{645A99FC-DC8B-4A34-9B0E-27C2FD719218}.Debug|x86.Build.0 = Debug|x86
		{645A99FC-DC8B-4A34-9B0E-27C2FD719218}.Release|Any CPU.ActiveCfg = Release|Any CPU
		{645A99FC-DC8B-4A34-9B0E-27C2FD719218}.Release|Any CPU.Build.0 = Release|Any CPU
		{645A99FC-DC8B-4A34-9B0E-27C2FD719218}.Release|ARM.ActiveCfg = Release|ARM
		{645A99FC-DC8B-4A34-9B0E-27C2FD719218}.Release|ARM.Build.0 = Release|ARM
		{645A99FC-DC8B-4A34-9B0E-27C2FD719218}.Release|x64.ActiveCfg = Release|Any CPU
		{645A99FC-DC8B-4A34-9B0E-27C2FD719218}.Release|x86.ActiveCfg = Release|x86
		{645A99FC-DC8B-4A34-9B0E-27C2FD719218}.Release|x86.Build.0 = Release|x86
		{67F9D3A8-F71E-4428-913F-C37AE82CDB24}.Debug|Any CPU.ActiveCfg = Debug|Any CPU
		{67F9D3A8-F71E-4428-913F-C37AE82CDB24}.Debug|Any CPU.Build.0 = Debug|Any CPU
		{67F9D3A8-F71E-4428-913F-C37AE82CDB24}.Debug|ARM.ActiveCfg = Debug|Any CPU
		{67F9D3A8-F71E-4428-913F-C37AE82CDB24}.Debug|x64.ActiveCfg = Debug|Any CPU
		{67F9D3A8-F71E-4428-913F-C37AE82CDB24}.Debug|x86.ActiveCfg = Debug|Any CPU
		{67F9D3A8-F71E-4428-913F-C37AE82CDB24}.Release|Any CPU.ActiveCfg = Release|Any CPU
		{67F9D3A8-F71E-4428-913F-C37AE82CDB24}.Release|Any CPU.Build.0 = Release|Any CPU
		{67F9D3A8-F71E-4428-913F-C37AE82CDB24}.Release|ARM.ActiveCfg = Release|Any CPU
		{67F9D3A8-F71E-4428-913F-C37AE82CDB24}.Release|x64.ActiveCfg = Release|Any CPU
		{67F9D3A8-F71E-4428-913F-C37AE82CDB24}.Release|x86.ActiveCfg = Release|Any CPU
		{C93CA591-DA84-44AB-B83F-B7B1764EA6E2}.Debug|Any CPU.ActiveCfg = Debug|Any CPU
		{C93CA591-DA84-44AB-B83F-B7B1764EA6E2}.Debug|Any CPU.Build.0 = Debug|Any CPU
		{C93CA591-DA84-44AB-B83F-B7B1764EA6E2}.Debug|ARM.ActiveCfg = Debug|Any CPU
		{C93CA591-DA84-44AB-B83F-B7B1764EA6E2}.Debug|x64.ActiveCfg = Debug|Any CPU
		{C93CA591-DA84-44AB-B83F-B7B1764EA6E2}.Debug|x86.ActiveCfg = Debug|Any CPU
		{C93CA591-DA84-44AB-B83F-B7B1764EA6E2}.Release|Any CPU.ActiveCfg = Release|Any CPU
		{C93CA591-DA84-44AB-B83F-B7B1764EA6E2}.Release|Any CPU.Build.0 = Release|Any CPU
		{C93CA591-DA84-44AB-B83F-B7B1764EA6E2}.Release|ARM.ActiveCfg = Release|Any CPU
		{C93CA591-DA84-44AB-B83F-B7B1764EA6E2}.Release|x64.ActiveCfg = Release|Any CPU
		{C93CA591-DA84-44AB-B83F-B7B1764EA6E2}.Release|x86.ActiveCfg = Release|Any CPU
		{C6368610-6C9B-4D9E-93E5-8248532FD3CC}.Debug|Any CPU.ActiveCfg = Debug|Any CPU
		{C6368610-6C9B-4D9E-93E5-8248532FD3CC}.Debug|Any CPU.Build.0 = Debug|Any CPU
		{C6368610-6C9B-4D9E-93E5-8248532FD3CC}.Debug|ARM.ActiveCfg = Debug|Any CPU
		{C6368610-6C9B-4D9E-93E5-8248532FD3CC}.Debug|x64.ActiveCfg = Debug|Any CPU
		{C6368610-6C9B-4D9E-93E5-8248532FD3CC}.Debug|x86.ActiveCfg = Debug|Any CPU
		{C6368610-6C9B-4D9E-93E5-8248532FD3CC}.Release|Any CPU.ActiveCfg = Release|Any CPU
		{C6368610-6C9B-4D9E-93E5-8248532FD3CC}.Release|Any CPU.Build.0 = Release|Any CPU
		{C6368610-6C9B-4D9E-93E5-8248532FD3CC}.Release|ARM.ActiveCfg = Release|Any CPU
		{C6368610-6C9B-4D9E-93E5-8248532FD3CC}.Release|x64.ActiveCfg = Release|Any CPU
		{C6368610-6C9B-4D9E-93E5-8248532FD3CC}.Release|x86.ActiveCfg = Release|Any CPU
		{6FFC27ED-0623-4490-9784-7A0053C346B7}.Debug|Any CPU.ActiveCfg = Debug|Any CPU
		{6FFC27ED-0623-4490-9784-7A0053C346B7}.Debug|Any CPU.Build.0 = Debug|Any CPU
		{6FFC27ED-0623-4490-9784-7A0053C346B7}.Debug|ARM.ActiveCfg = Debug|Any CPU
		{6FFC27ED-0623-4490-9784-7A0053C346B7}.Debug|x64.ActiveCfg = Debug|Any CPU
		{6FFC27ED-0623-4490-9784-7A0053C346B7}.Debug|x86.ActiveCfg = Debug|Any CPU
		{6FFC27ED-0623-4490-9784-7A0053C346B7}.Release|Any CPU.ActiveCfg = Release|Any CPU
		{6FFC27ED-0623-4490-9784-7A0053C346B7}.Release|Any CPU.Build.0 = Release|Any CPU
		{6FFC27ED-0623-4490-9784-7A0053C346B7}.Release|ARM.ActiveCfg = Release|Any CPU
		{6FFC27ED-0623-4490-9784-7A0053C346B7}.Release|x64.ActiveCfg = Release|Any CPU
		{6FFC27ED-0623-4490-9784-7A0053C346B7}.Release|x86.ActiveCfg = Release|Any CPU
		{990AC4D4-1B04-4B69-8311-B7A2B1AAF363}.Debug|Any CPU.ActiveCfg = Debug|Any CPU
		{990AC4D4-1B04-4B69-8311-B7A2B1AAF363}.Debug|Any CPU.Build.0 = Debug|Any CPU
		{990AC4D4-1B04-4B69-8311-B7A2B1AAF363}.Debug|ARM.ActiveCfg = Debug|Any CPU
		{990AC4D4-1B04-4B69-8311-B7A2B1AAF363}.Debug|x64.ActiveCfg = Debug|Any CPU
		{990AC4D4-1B04-4B69-8311-B7A2B1AAF363}.Debug|x86.ActiveCfg = Debug|Any CPU
		{990AC4D4-1B04-4B69-8311-B7A2B1AAF363}.Release|Any CPU.ActiveCfg = Release|Any CPU
		{990AC4D4-1B04-4B69-8311-B7A2B1AAF363}.Release|Any CPU.Build.0 = Release|Any CPU
		{990AC4D4-1B04-4B69-8311-B7A2B1AAF363}.Release|ARM.ActiveCfg = Release|Any CPU
		{990AC4D4-1B04-4B69-8311-B7A2B1AAF363}.Release|x64.ActiveCfg = Release|Any CPU
		{990AC4D4-1B04-4B69-8311-B7A2B1AAF363}.Release|x86.ActiveCfg = Release|Any CPU
		{DA51A511-1612-485F-A5EC-80558B0545F8}.Debug|Any CPU.ActiveCfg = Debug|Any CPU
		{DA51A511-1612-485F-A5EC-80558B0545F8}.Debug|Any CPU.Build.0 = Debug|Any CPU
		{DA51A511-1612-485F-A5EC-80558B0545F8}.Debug|ARM.ActiveCfg = Debug|Any CPU
		{DA51A511-1612-485F-A5EC-80558B0545F8}.Debug|x64.ActiveCfg = Debug|Any CPU
		{DA51A511-1612-485F-A5EC-80558B0545F8}.Debug|x86.ActiveCfg = Debug|Any CPU
		{DA51A511-1612-485F-A5EC-80558B0545F8}.Release|Any CPU.ActiveCfg = Release|Any CPU
		{DA51A511-1612-485F-A5EC-80558B0545F8}.Release|Any CPU.Build.0 = Release|Any CPU
		{DA51A511-1612-485F-A5EC-80558B0545F8}.Release|ARM.ActiveCfg = Release|Any CPU
		{DA51A511-1612-485F-A5EC-80558B0545F8}.Release|x64.ActiveCfg = Release|Any CPU
		{DA51A511-1612-485F-A5EC-80558B0545F8}.Release|x86.ActiveCfg = Release|Any CPU
		{934DB2BF-B9C0-4846-834E-8D0FAA86F681}.Debug|Any CPU.ActiveCfg = Debug|Any CPU
		{934DB2BF-B9C0-4846-834E-8D0FAA86F681}.Debug|Any CPU.Build.0 = Debug|Any CPU
		{934DB2BF-B9C0-4846-834E-8D0FAA86F681}.Debug|ARM.ActiveCfg = Debug|Any CPU
		{934DB2BF-B9C0-4846-834E-8D0FAA86F681}.Debug|x64.ActiveCfg = Debug|Any CPU
		{934DB2BF-B9C0-4846-834E-8D0FAA86F681}.Debug|x86.ActiveCfg = Debug|Any CPU
		{934DB2BF-B9C0-4846-834E-8D0FAA86F681}.Release|Any CPU.ActiveCfg = Release|Any CPU
		{934DB2BF-B9C0-4846-834E-8D0FAA86F681}.Release|Any CPU.Build.0 = Release|Any CPU
		{934DB2BF-B9C0-4846-834E-8D0FAA86F681}.Release|ARM.ActiveCfg = Release|Any CPU
		{934DB2BF-B9C0-4846-834E-8D0FAA86F681}.Release|x64.ActiveCfg = Release|Any CPU
		{934DB2BF-B9C0-4846-834E-8D0FAA86F681}.Release|x86.ActiveCfg = Release|Any CPU
	EndGlobalSection
	GlobalSection(SolutionProperties) = preSolution
		HideSolutionNode = FALSE
	EndGlobalSection
	GlobalSection(NestedProjects) = preSolution
		{C8C08A5F-D582-4603-A33D-1C04D712D163} = {567E312E-5CFF-494A-A58C-6B5AD1F011E9}
		{9464BCD5-222B-4F98-9FBB-809193981823} = {F79DE8AE-E7F3-4651-A33D-F4FF89F49EFE}
		{3E6FFDBB-C259-457E-974D-8E8306CFFA98} = {6AC8FB17-B176-4C5F-88D0-E559ED53843E}
		{7A8FD5B0-FFC2-4A66-9EDF-B3E0E8C591FA} = {6AC8FB17-B176-4C5F-88D0-E559ED53843E}
		{1AFDD1F2-7F44-40B2-91F9-8DCF53428808} = {6AC8FB17-B176-4C5F-88D0-E559ED53843E}
		{BB744DCA-068F-49AC-B40A-404220DDD74F} = {6AC8FB17-B176-4C5F-88D0-E559ED53843E}
		{567E312E-5CFF-494A-A58C-6B5AD1F011E9} = {BB744DCA-068F-49AC-B40A-404220DDD74F}
		{F79DE8AE-E7F3-4651-A33D-F4FF89F49EFE} = {BB744DCA-068F-49AC-B40A-404220DDD74F}
		{47FF53F4-AA45-492E-B378-1EE974F20878} = {BB744DCA-068F-49AC-B40A-404220DDD74F}
		{0EC445E8-AFCD-4C98-B698-F5B512CE4356} = {47FF53F4-AA45-492E-B378-1EE974F20878}
		{F402F962-2FDA-4AC0-87B6-DEF4DE8A8269} = {F4AD20E0-B09D-4009-A03B-8F8AC293429B}
		{645A99FC-DC8B-4A34-9B0E-27C2FD719218} = {F402F962-2FDA-4AC0-87B6-DEF4DE8A8269}
		{67F9D3A8-F71E-4428-913F-C37AE82CDB24} = {3E6FFDBB-C259-457E-974D-8E8306CFFA98}
		{C93CA591-DA84-44AB-B83F-B7B1764EA6E2} = {3E6FFDBB-C259-457E-974D-8E8306CFFA98}
		{C6368610-6C9B-4D9E-93E5-8248532FD3CC} = {3E6FFDBB-C259-457E-974D-8E8306CFFA98}
		{6FFC27ED-0623-4490-9784-7A0053C346B7} = {2DC21D59-0BF6-4688-9254-FB4E8BD1561B}
		{990AC4D4-1B04-4B69-8311-B7A2B1AAF363} = {1AFDD1F2-7F44-40B2-91F9-8DCF53428808}
		{DA51A511-1612-485F-A5EC-80558B0545F8} = {6690537D-60C2-448A-9CB2-858DD0EC0680}
		{934DB2BF-B9C0-4846-834E-8D0FAA86F681} = {7A8FD5B0-FFC2-4A66-9EDF-B3E0E8C591FA}
	EndGlobalSection
EndGlobal
